// !$*UTF8*$!
{
	archiveVersion = 1;
	classes = {
	};
	objectVersion = 50;
	objects = {

/* Begin PBXBuildFile section */
		A915DFFD220096E800009168 /* PhotoCell.swift in Sources */ = {isa = PBXBuildFile; fileRef = A915DFFB220096E800009168 /* PhotoCell.swift */; };
		A915DFFE220096E800009168 /* PhotoCell.xib in Resources */ = {isa = PBXBuildFile; fileRef = A915DFFC220096E800009168 /* PhotoCell.xib */; };
		A915E0002200A59B00009168 /* EmptyPlaceholderView.swift in Sources */ = {isa = PBXBuildFile; fileRef = A915DFFF2200A59B00009168 /* EmptyPlaceholderView.swift */; };
		A915E0022200A5EC00009168 /* EmptyPlaceholderView.xib in Resources */ = {isa = PBXBuildFile; fileRef = A915E0012200A5EC00009168 /* EmptyPlaceholderView.xib */; };
		A915E0052200A87900009168 /* UICollectionView+Extension.swift in Sources */ = {isa = PBXBuildFile; fileRef = A915E0042200A87900009168 /* UICollectionView+Extension.swift */; };
		A92BF4C321F9FDFC0050ACCD /* AppDelegate.swift in Sources */ = {isa = PBXBuildFile; fileRef = A92BF4C221F9FDFC0050ACCD /* AppDelegate.swift */; };
		A92BF4C821F9FDFC0050ACCD /* Main.storyboard in Resources */ = {isa = PBXBuildFile; fileRef = A92BF4C621F9FDFC0050ACCD /* Main.storyboard */; };
		A92BF4CA21F9FDFE0050ACCD /* Assets.xcassets in Resources */ = {isa = PBXBuildFile; fileRef = A92BF4C921F9FDFE0050ACCD /* Assets.xcassets */; };
		A92BF4CD21F9FDFE0050ACCD /* LaunchScreen.storyboard in Resources */ = {isa = PBXBuildFile; fileRef = A92BF4CB21F9FDFE0050ACCD /* LaunchScreen.storyboard */; };
		A92BF4D621F9FEA80050ACCD /* GalleryVC.swift in Sources */ = {isa = PBXBuildFile; fileRef = A92BF4D521F9FEA80050ACCD /* GalleryVC.swift */; };
		A92BF4D921FA05E30050ACCD /* GalleryPermissionHandler.swift in Sources */ = {isa = PBXBuildFile; fileRef = A92BF4D821FA05E30050ACCD /* GalleryPermissionHandler.swift */; };
		A92BF4DB21FA10100050ACCD /* Constants.swift in Sources */ = {isa = PBXBuildFile; fileRef = A92BF4DA21FA10100050ACCD /* Constants.swift */; };
		A92BF4DE21FA143B0050ACCD /* GalleryViewModel.swift in Sources */ = {isa = PBXBuildFile; fileRef = A92BF4DD21FA143B0050ACCD /* GalleryViewModel.swift */; };
		A968E60B221C46F000ED40D0 /* WebViewVC.swift in Sources */ = {isa = PBXBuildFile; fileRef = A968E60A221C46F000ED40D0 /* WebViewVC.swift */; };
		A9A4DB612209D03600A3A268 /* PhotoLinkListVC.swift in Sources */ = {isa = PBXBuildFile; fileRef = A9A4DB602209D03600A3A268 /* PhotoLinkListVC.swift */; };
		A9A4DB642209D20400A3A268 /* PhotoLinkCell.swift in Sources */ = {isa = PBXBuildFile; fileRef = A9A4DB622209D20400A3A268 /* PhotoLinkCell.swift */; };
		A9A4DB652209D20400A3A268 /* PhotoLinkCell.xib in Resources */ = {isa = PBXBuildFile; fileRef = A9A4DB632209D20400A3A268 /* PhotoLinkCell.xib */; };
		A9A4DB6A2209D63600A3A268 /* NetworkManager.swift in Sources */ = {isa = PBXBuildFile; fileRef = A9A4DB692209D63600A3A268 /* NetworkManager.swift */; };
		A9A4DB6C2209D9FA00A3A268 /* NSMutableData+Extension.swift in Sources */ = {isa = PBXBuildFile; fileRef = A9A4DB6B2209D9FA00A3A268 /* NSMutableData+Extension.swift */; };
		A9A4DB6E2209E43B00A3A268 /* NSError+Extension.swift in Sources */ = {isa = PBXBuildFile; fileRef = A9A4DB6D2209E43B00A3A268 /* NSError+Extension.swift */; };
		A9A4DB702209E67B00A3A268 /* UIViewController+Extension.swift in Sources */ = {isa = PBXBuildFile; fileRef = A9A4DB6F2209E67B00A3A268 /* UIViewController+Extension.swift */; };
		A9A4DB92220C87EA00A3A268 /* BindableObject.swift in Sources */ = {isa = PBXBuildFile; fileRef = A9A4DB91220C87EA00A3A268 /* BindableObject.swift */; };
		A9A98DDE22130CCD00E00166 /* UploadList.xcdatamodeld in Sources */ = {isa = PBXBuildFile; fileRef = A9A98DDC22130CCD00E00166 /* UploadList.xcdatamodeld */; };
		A9A98DE122130F8400E00166 /* UploadItem+CoreDataClass.swift in Sources */ = {isa = PBXBuildFile; fileRef = A9A98DDF22130F8400E00166 /* UploadItem+CoreDataClass.swift */; };
		A9A98DE222130F8400E00166 /* UploadItem+CoreDataProperties.swift in Sources */ = {isa = PBXBuildFile; fileRef = A9A98DE022130F8400E00166 /* UploadItem+CoreDataProperties.swift */; };
		A9A98DE42213211C00E00166 /* AppDelegate+Extension.swift in Sources */ = {isa = PBXBuildFile; fileRef = A9A98DE32213211C00E00166 /* AppDelegate+Extension.swift */; };
/* End PBXBuildFile section */

/* Begin PBXFileReference section */
		A915DFFB220096E800009168 /* PhotoCell.swift */ = {isa = PBXFileReference; lastKnownFileType = sourcecode.swift; path = PhotoCell.swift; sourceTree = "<group>"; };
		A915DFFC220096E800009168 /* PhotoCell.xib */ = {isa = PBXFileReference; lastKnownFileType = file.xib; path = PhotoCell.xib; sourceTree = "<group>"; };
		A915DFFF2200A59B00009168 /* EmptyPlaceholderView.swift */ = {isa = PBXFileReference; lastKnownFileType = sourcecode.swift; path = EmptyPlaceholderView.swift; sourceTree = "<group>"; };
		A915E0012200A5EC00009168 /* EmptyPlaceholderView.xib */ = {isa = PBXFileReference; lastKnownFileType = file.xib; path = EmptyPlaceholderView.xib; sourceTree = "<group>"; };
		A915E0042200A87900009168 /* UICollectionView+Extension.swift */ = {isa = PBXFileReference; lastKnownFileType = sourcecode.swift; path = "UICollectionView+Extension.swift"; sourceTree = "<group>"; };
		A92BF4BF21F9FDFC0050ACCD /* SomeUp.app */ = {isa = PBXFileReference; explicitFileType = wrapper.application; includeInIndex = 0; path = SomeUp.app; sourceTree = BUILT_PRODUCTS_DIR; };
		A92BF4C221F9FDFC0050ACCD /* AppDelegate.swift */ = {isa = PBXFileReference; lastKnownFileType = sourcecode.swift; path = AppDelegate.swift; sourceTree = "<group>"; };
		A92BF4C721F9FDFC0050ACCD /* Base */ = {isa = PBXFileReference; lastKnownFileType = file.storyboard; name = Base; path = Base.lproj/Main.storyboard; sourceTree = "<group>"; };
		A92BF4C921F9FDFE0050ACCD /* Assets.xcassets */ = {isa = PBXFileReference; lastKnownFileType = folder.assetcatalog; path = Assets.xcassets; sourceTree = "<group>"; };
		A92BF4CC21F9FDFE0050ACCD /* Base */ = {isa = PBXFileReference; lastKnownFileType = file.storyboard; name = Base; path = Base.lproj/LaunchScreen.storyboard; sourceTree = "<group>"; };
		A92BF4CE21F9FDFE0050ACCD /* Info.plist */ = {isa = PBXFileReference; lastKnownFileType = text.plist.xml; path = Info.plist; sourceTree = "<group>"; };
		A92BF4D521F9FEA80050ACCD /* GalleryVC.swift */ = {isa = PBXFileReference; lastKnownFileType = sourcecode.swift; path = GalleryVC.swift; sourceTree = "<group>"; };
		A92BF4D821FA05E30050ACCD /* GalleryPermissionHandler.swift */ = {isa = PBXFileReference; lastKnownFileType = sourcecode.swift; path = GalleryPermissionHandler.swift; sourceTree = "<group>"; };
		A92BF4DA21FA10100050ACCD /* Constants.swift */ = {isa = PBXFileReference; lastKnownFileType = sourcecode.swift; path = Constants.swift; sourceTree = "<group>"; };
		A92BF4DD21FA143B0050ACCD /* GalleryViewModel.swift */ = {isa = PBXFileReference; lastKnownFileType = sourcecode.swift; path = GalleryViewModel.swift; sourceTree = "<group>"; };
		A968E60A221C46F000ED40D0 /* WebViewVC.swift */ = {isa = PBXFileReference; lastKnownFileType = sourcecode.swift; path = WebViewVC.swift; sourceTree = "<group>"; };
		A9A4DB602209D03600A3A268 /* PhotoLinkListVC.swift */ = {isa = PBXFileReference; lastKnownFileType = sourcecode.swift; path = PhotoLinkListVC.swift; sourceTree = "<group>"; };
		A9A4DB622209D20400A3A268 /* PhotoLinkCell.swift */ = {isa = PBXFileReference; lastKnownFileType = sourcecode.swift; path = PhotoLinkCell.swift; sourceTree = "<group>"; };
		A9A4DB632209D20400A3A268 /* PhotoLinkCell.xib */ = {isa = PBXFileReference; lastKnownFileType = file.xib; path = PhotoLinkCell.xib; sourceTree = "<group>"; };
		A9A4DB692209D63600A3A268 /* NetworkManager.swift */ = {isa = PBXFileReference; lastKnownFileType = sourcecode.swift; path = NetworkManager.swift; sourceTree = "<group>"; };
		A9A4DB6B2209D9FA00A3A268 /* NSMutableData+Extension.swift */ = {isa = PBXFileReference; lastKnownFileType = sourcecode.swift; path = "NSMutableData+Extension.swift"; sourceTree = "<group>"; };
		A9A4DB6D2209E43B00A3A268 /* NSError+Extension.swift */ = {isa = PBXFileReference; lastKnownFileType = sourcecode.swift; path = "NSError+Extension.swift"; sourceTree = "<group>"; };
		A9A4DB6F2209E67B00A3A268 /* UIViewController+Extension.swift */ = {isa = PBXFileReference; lastKnownFileType = sourcecode.swift; path = "UIViewController+Extension.swift"; sourceTree = "<group>"; };
		A9A4DB91220C87EA00A3A268 /* BindableObject.swift */ = {isa = PBXFileReference; lastKnownFileType = sourcecode.swift; path = BindableObject.swift; sourceTree = "<group>"; };
		A9A98DDD22130CCD00E00166 /* UploadList.xcdatamodel */ = {isa = PBXFileReference; lastKnownFileType = wrapper.xcdatamodel; path = UploadList.xcdatamodel; sourceTree = "<group>"; };
		A9A98DDF22130F8400E00166 /* UploadItem+CoreDataClass.swift */ = {isa = PBXFileReference; lastKnownFileType = sourcecode.swift; path = "UploadItem+CoreDataClass.swift"; sourceTree = "<group>"; };
		A9A98DE022130F8400E00166 /* UploadItem+CoreDataProperties.swift */ = {isa = PBXFileReference; lastKnownFileType = sourcecode.swift; path = "UploadItem+CoreDataProperties.swift"; sourceTree = "<group>"; };
		A9A98DE32213211C00E00166 /* AppDelegate+Extension.swift */ = {isa = PBXFileReference; lastKnownFileType = sourcecode.swift; path = "AppDelegate+Extension.swift"; sourceTree = "<group>"; };
/* End PBXFileReference section */

/* Begin PBXFrameworksBuildPhase section */
		A92BF4BC21F9FDFC0050ACCD /* Frameworks */ = {
			isa = PBXFrameworksBuildPhase;
			buildActionMask = 2147483647;
			files = (
			);
			runOnlyForDeploymentPostprocessing = 0;
		};
/* End PBXFrameworksBuildPhase section */

/* Begin PBXGroup section */
		A915DFFA220096BB00009168 /* CustomViews */ = {
			isa = PBXGroup;
			children = (
				A915DFFB220096E800009168 /* PhotoCell.swift */,
				A915DFFC220096E800009168 /* PhotoCell.xib */,
				A915DFFF2200A59B00009168 /* EmptyPlaceholderView.swift */,
				A915E0012200A5EC00009168 /* EmptyPlaceholderView.xib */,
				A9A4DB622209D20400A3A268 /* PhotoLinkCell.swift */,
				A9A4DB632209D20400A3A268 /* PhotoLinkCell.xib */,
			);
			path = CustomViews;
			sourceTree = "<group>";
		};
		A915E0032200A85700009168 /* Extensions */ = {
			isa = PBXGroup;
			children = (
				A915E0042200A87900009168 /* UICollectionView+Extension.swift */,
				A9A4DB6B2209D9FA00A3A268 /* NSMutableData+Extension.swift */,
				A9A4DB6D2209E43B00A3A268 /* NSError+Extension.swift */,
				A9A4DB6F2209E67B00A3A268 /* UIViewController+Extension.swift */,
				A9A98DE32213211C00E00166 /* AppDelegate+Extension.swift */,
			);
			path = Extensions;
			sourceTree = "<group>";
		};
		A92BF4B621F9FDFC0050ACCD = {
			isa = PBXGroup;
			children = (
				A92BF4C121F9FDFC0050ACCD /* SomeUp */,
				A92BF4C021F9FDFC0050ACCD /* Products */,
			);
			sourceTree = "<group>";
		};
		A92BF4C021F9FDFC0050ACCD /* Products */ = {
			isa = PBXGroup;
			children = (
				A92BF4BF21F9FDFC0050ACCD /* SomeUp.app */,
			);
			name = Products;
			sourceTree = "<group>";
		};
		A92BF4C121F9FDFC0050ACCD /* SomeUp */ = {
			isa = PBXGroup;
			children = (
				A9A98DDB22130CA900E00166 /* Model */,
				A9A4DB682209D62500A3A268 /* Managers */,
				A915E0032200A85700009168 /* Extensions */,
				A915DFFA220096BB00009168 /* CustomViews */,
				A92BF4DC21FA14250050ACCD /* ViewModels */,
				A92BF4D721FA05990050ACCD /* Utilities */,
				A92BF4D421F9FE130050ACCD /* ViewControllers */,
				A92BF4C221F9FDFC0050ACCD /* AppDelegate.swift */,
				A92BF4C621F9FDFC0050ACCD /* Main.storyboard */,
				A92BF4C921F9FDFE0050ACCD /* Assets.xcassets */,
				A92BF4CB21F9FDFE0050ACCD /* LaunchScreen.storyboard */,
				A92BF4CE21F9FDFE0050ACCD /* Info.plist */,
				A92BF4DA21FA10100050ACCD /* Constants.swift */,
			);
			path = SomeUp;
			sourceTree = "<group>";
		};
		A92BF4D421F9FE130050ACCD /* ViewControllers */ = {
			isa = PBXGroup;
			children = (
				A92BF4D521F9FEA80050ACCD /* GalleryVC.swift */,
				A9A4DB602209D03600A3A268 /* PhotoLinkListVC.swift */,
				A968E60A221C46F000ED40D0 /* WebViewVC.swift */,
			);
			path = ViewControllers;
			sourceTree = "<group>";
		};
		A92BF4D721FA05990050ACCD /* Utilities */ = {
			isa = PBXGroup;
			children = (
				A92BF4D821FA05E30050ACCD /* GalleryPermissionHandler.swift */,
				A9A4DB91220C87EA00A3A268 /* BindableObject.swift */,
			);
			path = Utilities;
			sourceTree = "<group>";
		};
		A92BF4DC21FA14250050ACCD /* ViewModels */ = {
			isa = PBXGroup;
			children = (
				A92BF4DD21FA143B0050ACCD /* GalleryViewModel.swift */,
			);
			path = ViewModels;
			sourceTree = "<group>";
		};
		A9A4DB682209D62500A3A268 /* Managers */ = {
			isa = PBXGroup;
			children = (
				A9A4DB692209D63600A3A268 /* NetworkManager.swift */,
			);
			path = Managers;
			sourceTree = "<group>";
		};
		A9A98DDB22130CA900E00166 /* Model */ = {
			isa = PBXGroup;
			children = (
				A9A98DDF22130F8400E00166 /* UploadItem+CoreDataClass.swift */,
				A9A98DE022130F8400E00166 /* UploadItem+CoreDataProperties.swift */,
				A9A98DDC22130CCD00E00166 /* UploadList.xcdatamodeld */,
			);
			path = Model;
			sourceTree = "<group>";
		};
/* End PBXGroup section */

/* Begin PBXNativeTarget section */
		A92BF4BE21F9FDFC0050ACCD /* SomeUp */ = {
			isa = PBXNativeTarget;
			buildConfigurationList = A92BF4D121F9FDFE0050ACCD /* Build configuration list for PBXNativeTarget "SomeUp" */;
			buildPhases = (
				A92BF4BB21F9FDFC0050ACCD /* Sources */,
				A92BF4BC21F9FDFC0050ACCD /* Frameworks */,
				A92BF4BD21F9FDFC0050ACCD /* Resources */,
			);
			buildRules = (
			);
			dependencies = (
			);
			name = SomeUp;
			productName = SomeUp;
			productReference = A92BF4BF21F9FDFC0050ACCD /* SomeUp.app */;
			productType = "com.apple.product-type.application";
		};
/* End PBXNativeTarget section */

/* Begin PBXProject section */
		A92BF4B721F9FDFC0050ACCD /* Project object */ = {
			isa = PBXProject;
			attributes = {
				LastSwiftUpdateCheck = 1010;
				LastUpgradeCheck = 1010;
				ORGANIZATIONNAME = "Vladimir Kadurin";
				TargetAttributes = {
					A92BF4BE21F9FDFC0050ACCD = {
						CreatedOnToolsVersion = 10.1;
					};
				};
			};
			buildConfigurationList = A92BF4BA21F9FDFC0050ACCD /* Build configuration list for PBXProject "SomeUp" */;
			compatibilityVersion = "Xcode 9.3";
			developmentRegion = en;
			hasScannedForEncodings = 0;
			knownRegions = (
				en,
				Base,
			);
			mainGroup = A92BF4B621F9FDFC0050ACCD;
			productRefGroup = A92BF4C021F9FDFC0050ACCD /* Products */;
			projectDirPath = "";
			projectRoot = "";
			targets = (
				A92BF4BE21F9FDFC0050ACCD /* SomeUp */,
			);
		};
/* End PBXProject section */

/* Begin PBXResourcesBuildPhase section */
		A92BF4BD21F9FDFC0050ACCD /* Resources */ = {
			isa = PBXResourcesBuildPhase;
			buildActionMask = 2147483647;
			files = (
				A915DFFE220096E800009168 /* PhotoCell.xib in Resources */,
				A92BF4CD21F9FDFE0050ACCD /* LaunchScreen.storyboard in Resources */,
				A915E0022200A5EC00009168 /* EmptyPlaceholderView.xib in Resources */,
				A92BF4CA21F9FDFE0050ACCD /* Assets.xcassets in Resources */,
				A9A4DB652209D20400A3A268 /* PhotoLinkCell.xib in Resources */,
				A92BF4C821F9FDFC0050ACCD /* Main.storyboard in Resources */,
			);
			runOnlyForDeploymentPostprocessing = 0;
		};
/* End PBXResourcesBuildPhase section */

/* Begin PBXSourcesBuildPhase section */
		A92BF4BB21F9FDFC0050ACCD /* Sources */ = {
			isa = PBXSourcesBuildPhase;
			buildActionMask = 2147483647;
			files = (
				A9A4DB6A2209D63600A3A268 /* NetworkManager.swift in Sources */,
				A9A4DB6C2209D9FA00A3A268 /* NSMutableData+Extension.swift in Sources */,
				A915E0052200A87900009168 /* UICollectionView+Extension.swift in Sources */,
				A9A98DE122130F8400E00166 /* UploadItem+CoreDataClass.swift in Sources */,
				A9A98DDE22130CCD00E00166 /* UploadList.xcdatamodeld in Sources */,
				A9A4DB702209E67B00A3A268 /* UIViewController+Extension.swift in Sources */,
				A92BF4C321F9FDFC0050ACCD /* AppDelegate.swift in Sources */,
				A92BF4DE21FA143B0050ACCD /* GalleryViewModel.swift in Sources */,
				A9A98DE222130F8400E00166 /* UploadItem+CoreDataProperties.swift in Sources */,
				A92BF4D621F9FEA80050ACCD /* GalleryVC.swift in Sources */,
				A9A98DE42213211C00E00166 /* AppDelegate+Extension.swift in Sources */,
				A9A4DB642209D20400A3A268 /* PhotoLinkCell.swift in Sources */,
				A968E60B221C46F000ED40D0 /* WebViewVC.swift in Sources */,
				A92BF4D921FA05E30050ACCD /* GalleryPermissionHandler.swift in Sources */,
				A915E0002200A59B00009168 /* EmptyPlaceholderView.swift in Sources */,
				A915DFFD220096E800009168 /* PhotoCell.swift in Sources */,
				A92BF4DB21FA10100050ACCD /* Constants.swift in Sources */,
				A9A4DB92220C87EA00A3A268 /* BindableObject.swift in Sources */,
				A9A4DB6E2209E43B00A3A268 /* NSError+Extension.swift in Sources */,
				A9A4DB612209D03600A3A268 /* PhotoLinkListVC.swift in Sources */,
			);
			runOnlyForDeploymentPostprocessing = 0;
		};
/* End PBXSourcesBuildPhase section */

/* Begin PBXVariantGroup section */
		A92BF4C621F9FDFC0050ACCD /* Main.storyboard */ = {
			isa = PBXVariantGroup;
			children = (
				A92BF4C721F9FDFC0050ACCD /* Base */,
			);
			name = Main.storyboard;
			sourceTree = "<group>";
		};
		A92BF4CB21F9FDFE0050ACCD /* LaunchScreen.storyboard */ = {
			isa = PBXVariantGroup;
			children = (
				A92BF4CC21F9FDFE0050ACCD /* Base */,
			);
			name = LaunchScreen.storyboard;
			sourceTree = "<group>";
		};
/* End PBXVariantGroup section */

/* Begin XCBuildConfiguration section */
		A92BF4CF21F9FDFE0050ACCD /* Debug */ = {
			isa = XCBuildConfiguration;
			buildSettings = {
				ALWAYS_SEARCH_USER_PATHS = NO;
				CLANG_ANALYZER_NONNULL = YES;
				CLANG_ANALYZER_NUMBER_OBJECT_CONVERSION = YES_AGGRESSIVE;
				CLANG_CXX_LANGUAGE_STANDARD = "gnu++14";
				CLANG_CXX_LIBRARY = "libc++";
				CLANG_ENABLE_MODULES = YES;
				CLANG_ENABLE_OBJC_ARC = YES;
				CLANG_ENABLE_OBJC_WEAK = YES;
				CLANG_WARN_BLOCK_CAPTURE_AUTORELEASING = YES;
				CLANG_WARN_BOOL_CONVERSION = YES;
				CLANG_WARN_COMMA = YES;
				CLANG_WARN_CONSTANT_CONVERSION = YES;
				CLANG_WARN_DEPRECATED_OBJC_IMPLEMENTATIONS = YES;
				CLANG_WARN_DIRECT_OBJC_ISA_USAGE = YES_ERROR;
				CLANG_WARN_DOCUMENTATION_COMMENTS = YES;
				CLANG_WARN_EMPTY_BODY = YES;
				CLANG_WARN_ENUM_CONVERSION = YES;
				CLANG_WARN_INFINITE_RECURSION = YES;
				CLANG_WARN_INT_CONVERSION = YES;
				CLANG_WARN_NON_LITERAL_NULL_CONVERSION = YES;
				CLANG_WARN_OBJC_IMPLICIT_RETAIN_SELF = YES;
				CLANG_WARN_OBJC_LITERAL_CONVERSION = YES;
				CLANG_WARN_OBJC_ROOT_CLASS = YES_ERROR;
				CLANG_WARN_RANGE_LOOP_ANALYSIS = YES;
				CLANG_WARN_STRICT_PROTOTYPES = YES;
				CLANG_WARN_SUSPICIOUS_MOVE = YES;
				CLANG_WARN_UNGUARDED_AVAILABILITY = YES_AGGRESSIVE;
				CLANG_WARN_UNREACHABLE_CODE = YES;
				CLANG_WARN__DUPLICATE_METHOD_MATCH = YES;
				CODE_SIGN_IDENTITY = "iPhone Developer";
				COPY_PHASE_STRIP = NO;
				DEBUG_INFORMATION_FORMAT = dwarf;
				ENABLE_STRICT_OBJC_MSGSEND = YES;
				ENABLE_TESTABILITY = YES;
				GCC_C_LANGUAGE_STANDARD = gnu11;
				GCC_DYNAMIC_NO_PIC = NO;
				GCC_NO_COMMON_BLOCKS = YES;
				GCC_OPTIMIZATION_LEVEL = 0;
				GCC_PREPROCESSOR_DEFINITIONS = (
					"DEBUG=1",
					"$(inherited)",
				);
				GCC_WARN_64_TO_32_BIT_CONVERSION = YES;
				GCC_WARN_ABOUT_RETURN_TYPE = YES_ERROR;
				GCC_WARN_UNDECLARED_SELECTOR = YES;
				GCC_WARN_UNINITIALIZED_AUTOS = YES_AGGRESSIVE;
				GCC_WARN_UNUSED_FUNCTION = YES;
				GCC_WARN_UNUSED_VARIABLE = YES;
				IPHONEOS_DEPLOYMENT_TARGET = 12.1;
				MTL_ENABLE_DEBUG_INFO = INCLUDE_SOURCE;
				MTL_FAST_MATH = YES;
				ONLY_ACTIVE_ARCH = YES;
				SDKROOT = iphoneos;
				SWIFT_ACTIVE_COMPILATION_CONDITIONS = DEBUG;
				SWIFT_OPTIMIZATION_LEVEL = "-Onone";
			};
			name = Debug;
		};
		A92BF4D021F9FDFE0050ACCD /* Release */ = {
			isa = XCBuildConfiguration;
			buildSettings = {
				ALWAYS_SEARCH_USER_PATHS = NO;
				CLANG_ANALYZER_NONNULL = YES;
				CLANG_ANALYZER_NUMBER_OBJECT_CONVERSION = YES_AGGRESSIVE;
				CLANG_CXX_LANGUAGE_STANDARD = "gnu++14";
				CLANG_CXX_LIBRARY = "libc++";
				CLANG_ENABLE_MODULES = YES;
				CLANG_ENABLE_OBJC_ARC = YES;
				CLANG_ENABLE_OBJC_WEAK = YES;
				CLANG_WARN_BLOCK_CAPTURE_AUTORELEASING = YES;
				CLANG_WARN_BOOL_CONVERSION = YES;
				CLANG_WARN_COMMA = YES;
				CLANG_WARN_CONSTANT_CONVERSION = YES;
				CLANG_WARN_DEPRECATED_OBJC_IMPLEMENTATIONS = YES;
				CLANG_WARN_DIRECT_OBJC_ISA_USAGE = YES_ERROR;
				CLANG_WARN_DOCUMENTATION_COMMENTS = YES;
				CLANG_WARN_EMPTY_BODY = YES;
				CLANG_WARN_ENUM_CONVERSION = YES;
				CLANG_WARN_INFINITE_RECURSION = YES;
				CLANG_WARN_INT_CONVERSION = YES;
				CLANG_WARN_NON_LITERAL_NULL_CONVERSION = YES;
				CLANG_WARN_OBJC_IMPLICIT_RETAIN_SELF = YES;
				CLANG_WARN_OBJC_LITERAL_CONVERSION = YES;
				CLANG_WARN_OBJC_ROOT_CLASS = YES_ERROR;
				CLANG_WARN_RANGE_LOOP_ANALYSIS = YES;
				CLANG_WARN_STRICT_PROTOTYPES = YES;
				CLANG_WARN_SUSPICIOUS_MOVE = YES;
				CLANG_WARN_UNGUARDED_AVAILABILITY = YES_AGGRESSIVE;
				CLANG_WARN_UNREACHABLE_CODE = YES;
				CLANG_WARN__DUPLICATE_METHOD_MATCH = YES;
				CODE_SIGN_IDENTITY = "iPhone Developer";
				COPY_PHASE_STRIP = NO;
				DEBUG_INFORMATION_FORMAT = "dwarf-with-dsym";
				ENABLE_NS_ASSERTIONS = NO;
				ENABLE_STRICT_OBJC_MSGSEND = YES;
				GCC_C_LANGUAGE_STANDARD = gnu11;
				GCC_NO_COMMON_BLOCKS = YES;
				GCC_WARN_64_TO_32_BIT_CONVERSION = YES;
				GCC_WARN_ABOUT_RETURN_TYPE = YES_ERROR;
				GCC_WARN_UNDECLARED_SELECTOR = YES;
				GCC_WARN_UNINITIALIZED_AUTOS = YES_AGGRESSIVE;
				GCC_WARN_UNUSED_FUNCTION = YES;
				GCC_WARN_UNUSED_VARIABLE = YES;
				IPHONEOS_DEPLOYMENT_TARGET = 12.1;
				MTL_ENABLE_DEBUG_INFO = NO;
				MTL_FAST_MATH = YES;
				SDKROOT = iphoneos;
				SWIFT_COMPILATION_MODE = wholemodule;
				SWIFT_OPTIMIZATION_LEVEL = "-O";
				VALIDATE_PRODUCT = YES;
			};
			name = Release;
		};
		A92BF4D221F9FDFE0050ACCD /* Debug */ = {
			isa = XCBuildConfiguration;
			buildSettings = {
				ASSETCATALOG_COMPILER_APPICON_NAME = AppIcon;
				CODE_SIGN_STYLE = Automatic;
				DEVELOPMENT_TEAM = 3Y4TPL53D2;
				INFOPLIST_FILE = SomeUp/Info.plist;
				IPHONEOS_DEPLOYMENT_TARGET = 9.3;
				LD_RUNPATH_SEARCH_PATHS = (
					"$(inherited)",
					"@executable_path/Frameworks",
				);
				PRODUCT_BUNDLE_IDENTIFIER = com.sumup.training.SomeUp;
				PRODUCT_NAME = "$(TARGET_NAME)";
				SWIFT_VERSION = 4.2;
				TARGETED_DEVICE_FAMILY = "1,2";
			};
			name = Debug;
		};
		A92BF4D321F9FDFE0050ACCD /* Release */ = {
			isa = XCBuildConfiguration;
			buildSettings = {
				ASSETCATALOG_COMPILER_APPICON_NAME = AppIcon;
				CODE_SIGN_STYLE = Automatic;
				DEVELOPMENT_TEAM = 3Y4TPL53D2;
				INFOPLIST_FILE = SomeUp/Info.plist;
				IPHONEOS_DEPLOYMENT_TARGET = 9.3;
				LD_RUNPATH_SEARCH_PATHS = (
					"$(inherited)",
					"@executable_path/Frameworks",
				);
				PRODUCT_BUNDLE_IDENTIFIER = com.sumup.training.SomeUp;
				PRODUCT_NAME = "$(TARGET_NAME)";
				SWIFT_VERSION = 4.2;
				TARGETED_DEVICE_FAMILY = "1,2";
			};
			name = Release;
		};
/* End XCBuildConfiguration section */

/* Begin XCConfigurationList section */
		A92BF4BA21F9FDFC0050ACCD /* Build configuration list for PBXProject "SomeUp" */ = {
			isa = XCConfigurationList;
			buildConfigurations = (
				A92BF4CF21F9FDFE0050ACCD /* Debug */,
				A92BF4D021F9FDFE0050ACCD /* Release */,
			);
			defaultConfigurationIsVisible = 0;
			defaultConfigurationName = Release;
		};
		A92BF4D121F9FDFE0050ACCD /* Build configuration list for PBXNativeTarget "SomeUp" */ = {
			isa = XCConfigurationList;
			buildConfigurations = (
				A92BF4D221F9FDFE0050ACCD /* Debug */,
				A92BF4D321F9FDFE0050ACCD /* Release */,
			);
			defaultConfigurationIsVisible = 0;
			defaultConfigurationName = Release;
		};
/* End XCConfigurationList section */

/* Begin XCVersionGroup section */
		A9A98DDC22130CCD00E00166 /* UploadList.xcdatamodeld */ = {
			isa = XCVersionGroup;
			children = (
				A9A98DDD22130CCD00E00166 /* UploadList.xcdatamodel */,
			);
			currentVersion = A9A98DDD22130CCD00E00166 /* UploadList.xcdatamodel */;
			path = UploadList.xcdatamodeld;
			sourceTree = "<group>";
			versionGroupType = wrapper.xcdatamodel;
		};
/* End XCVersionGroup section */
	};
	rootObject = A92BF4B721F9FDFC0050ACCD /* Project object */;
}
